
Microsoft Visual Studio Solution File, Format Version 12.00
# Visual Studio Version 16
VisualStudioVersion = 16.0.29709.97
MinimumVisualStudioVersion = 10.0.40219.1
Project("{FAE04EC0-301F-11D3-BF4B-00C04F79EFBC}") = "CheckIfArrayIsSorted", "CheckIfArrayIsSorted.csproj", "{3394A165-AEB0-4BCC-BFB1-B9F5216D4510}"
EndProject
Global
	GlobalSection(SolutionConfigurationPlatforms) = preSolution
		Debug|Any CPU = Debug|Any CPU
		Release|Any CPU = Release|Any CPU
	EndGlobalSection
	GlobalSection(ProjectConfigurationPlatforms) = postSolution
		{3394A165-AEB0-4BCC-BFB1-B9F5216D4510}.Debug|Any CPU.ActiveCfg = Debug|Any CPU
		{3394A165-AEB0-4BCC-BFB1-B9F5216D4510}.Debug|Any CPU.Build.0 = Debug|Any CPU
		{3394A165-AEB0-4BCC-BFB1-B9F5216D4510}.Release|Any CPU.ActiveCfg = Release|Any CPU
		{3394A165-AEB0-4BCC-BFB1-B9F5216D4510}.Release|Any CPU.Build.0 = Release|Any CPU
	EndGlobalSection
	GlobalSection(SolutionProperties) = preSolution
		HideSolutionNode = FALSE
	EndGlobalSection
	GlobalSection(ExtensibilityGlobals) = postSolution
		SolutionGuid = {DE10CFA7-062B-457B-9CC7-7123813BAFA0}
	EndGlobalSection
EndGlobal
